
Microsoft Visual Studio Solution File, Format Version 12.00
# Visual Studio 15
Project("{FAE04EC0-301F-11D3-BF4B-00C04F79EFBC}") = "spine-unity-examples", "spine-unity-examples.csproj", "{60887C93-BEAB-7806-4971-A40ECC678076}"
EndProject
Project("{FAE04EC0-301F-11D3-BF4B-00C04F79EFBC}") = "spine-unity", "spine-unity.csproj", "{A89FE150-8B9D-D971-4899-D4A34D3AFC12}"
EndProject
Project("{FAE04EC0-301F-11D3-BF4B-00C04F79EFBC}") = "spine-unity-editor", "spine-unity-editor.csproj", "{F57C028E-B64A-1751-E171-042E1B9801CA}"
EndProject
Project("{FAE04EC0-301F-11D3-BF4B-00C04F79EFBC}") = "spine-unity-examples-editor", "spine-unity-examples-editor.csproj", "{6DB090F4-199F-AC2B-0587-D30DA6B2A500}"
EndProject
Global
	GlobalSection(SolutionConfigurationPlatforms) = preSolution
		Debug|Any CPU = Debug|Any CPU
		Release|Any CPU = Release|Any CPU
	EndGlobalSection
	GlobalSection(ProjectConfigurationPlatforms) = postSolution
		{60887C93-BEAB-7806-4971-A40ECC678076}.Debug|Any CPU.ActiveCfg = Debug|Any CPU
		{60887C93-BEAB-7806-4971-A40ECC678076}.Debug|Any CPU.Build.0 = Debug|Any CPU
		{60887C93-BEAB-7806-4971-A40ECC678076}.Release|Any CPU.ActiveCfg = Release|Any CPU
		{60887C93-BEAB-7806-4971-A40ECC678076}.Release|Any CPU.Build.0 = Release|Any CPU
		{A89FE150-8B9D-D971-4899-D4A34D3AFC12}.Debug|Any CPU.ActiveCfg = Debug|Any CPU
		{A89FE150-8B9D-D971-4899-D4A34D3AFC12}.Debug|Any CPU.Build.0 = Debug|Any CPU
		{A89FE150-8B9D-D971-4899-D4A34D3AFC12}.Release|Any CPU.ActiveCfg = Release|Any CPU
		{A89FE150-8B9D-D971-4899-D4A34D3AFC12}.Release|Any CPU.Build.0 = Release|Any CPU
		{F57C028E-B64A-1751-E171-042E1B9801CA}.Debug|Any CPU.ActiveCfg = Debug|Any CPU
		{F57C028E-B64A-1751-E171-042E1B9801CA}.Debug|Any CPU.Build.0 = Debug|Any CPU
		{F57C028E-B64A-1751-E171-042E1B9801CA}.Release|Any CPU.ActiveCfg = Release|Any CPU
		{F57C028E-B64A-1751-E171-042E1B9801CA}.Release|Any CPU.Build.0 = Release|Any CPU
		{6DB090F4-199F-AC2B-0587-D30DA6B2A500}.Debug|Any CPU.ActiveCfg = Debug|Any CPU
		{6DB090F4-199F-AC2B-0587-D30DA6B2A500}.Debug|Any CPU.Build.0 = Debug|Any CPU
		{6DB090F4-199F-AC2B-0587-D30DA6B2A500}.Release|Any CPU.ActiveCfg = Release|Any CPU
		{6DB090F4-199F-AC2B-0587-D30DA6B2A500}.Release|Any CPU.Build.0 = Release|Any CPU
	EndGlobalSection
	GlobalSection(SolutionProperties) = preSolution
		HideSolutionNode = FALSE
	EndGlobalSection
EndGlobal
