
Microsoft Visual Studio Solution File, Format Version 12.00
# Visual Studio 15
Project("{FAE04EC0-301F-11D3-BF4B-00C04F79EFBC}") = "Assembly-CSharp", "Assembly-CSharp.csproj", "{C882E128-1513-70DA-1B5D-D2FA4B8CD170}"
EndProject
Global
	GlobalSection(SolutionConfigurationPlatforms) = preSolution
		Debug|Any CPU = Debug|Any CPU
		Release|Any CPU = Release|Any CPU
	EndGlobalSection
	GlobalSection(ProjectConfigurationPlatforms) = postSolution
		{C882E128-1513-70DA-1B5D-D2FA4B8CD170}.Debug|Any CPU.ActiveCfg = Debug|Any CPU
		{C882E128-1513-70DA-1B5D-D2FA4B8CD170}.Debug|Any CPU.Build.0 = Debug|Any CPU
		{C882E128-1513-70DA-1B5D-D2FA4B8CD170}.Release|Any CPU.ActiveCfg = Release|Any CPU
		{C882E128-1513-70DA-1B5D-D2FA4B8CD170}.Release|Any CPU.Build.0 = Release|Any CPU
	EndGlobalSection
	GlobalSection(SolutionProperties) = preSolution
		HideSolutionNode = FALSE
	EndGlobalSection
EndGlobal
