
Microsoft Visual Studio Solution File, Format Version 12.00
# Visual Studio 15
Project("{FAE04EC0-301F-11D3-BF4B-00C04F79EFBC}") = "Spin3.8", "Spin3.8.csproj", "{5603896E-775A-A0EB-85BE-7882C71F35AF}"
EndProject
Project("{FAE04EC0-301F-11D3-BF4B-00C04F79EFBC}") = "spine-unity", "spine-unity.csproj", "{062D4FFC-53E4-67F6-4B25-E17CEE5BB7F6}"
EndProject
Project("{FAE04EC0-301F-11D3-BF4B-00C04F79EFBC}") = "spine-unity-editor", "spine-unity-editor.csproj", "{C8E5B7FA-4F3E-4A9F-6BCF-28E4A6A9CA68}"
EndProject
Project("{FAE04EC0-301F-11D3-BF4B-00C04F79EFBC}") = "Spin3.8.Editor", "Spin3.8.Editor.csproj", "{BF062CD3-A7D9-148E-1930-957A3704636C}"
EndProject
Global
	GlobalSection(SolutionConfigurationPlatforms) = preSolution
		Debug|Any CPU = Debug|Any CPU
		Release|Any CPU = Release|Any CPU
	EndGlobalSection
	GlobalSection(ProjectConfigurationPlatforms) = postSolution
		{5603896E-775A-A0EB-85BE-7882C71F35AF}.Debug|Any CPU.ActiveCfg = Debug|Any CPU
		{5603896E-775A-A0EB-85BE-7882C71F35AF}.Debug|Any CPU.Build.0 = Debug|Any CPU
		{5603896E-775A-A0EB-85BE-7882C71F35AF}.Release|Any CPU.ActiveCfg = Release|Any CPU
		{5603896E-775A-A0EB-85BE-7882C71F35AF}.Release|Any CPU.Build.0 = Release|Any CPU
		{062D4FFC-53E4-67F6-4B25-E17CEE5BB7F6}.Debug|Any CPU.ActiveCfg = Debug|Any CPU
		{062D4FFC-53E4-67F6-4B25-E17CEE5BB7F6}.Debug|Any CPU.Build.0 = Debug|Any CPU
		{062D4FFC-53E4-67F6-4B25-E17CEE5BB7F6}.Release|Any CPU.ActiveCfg = Release|Any CPU
		{062D4FFC-53E4-67F6-4B25-E17CEE5BB7F6}.Release|Any CPU.Build.0 = Release|Any CPU
		{C8E5B7FA-4F3E-4A9F-6BCF-28E4A6A9CA68}.Debug|Any CPU.ActiveCfg = Debug|Any CPU
		{C8E5B7FA-4F3E-4A9F-6BCF-28E4A6A9CA68}.Debug|Any CPU.Build.0 = Debug|Any CPU
		{C8E5B7FA-4F3E-4A9F-6BCF-28E4A6A9CA68}.Release|Any CPU.ActiveCfg = Release|Any CPU
		{C8E5B7FA-4F3E-4A9F-6BCF-28E4A6A9CA68}.Release|Any CPU.Build.0 = Release|Any CPU
		{BF062CD3-A7D9-148E-1930-957A3704636C}.Debug|Any CPU.ActiveCfg = Debug|Any CPU
		{BF062CD3-A7D9-148E-1930-957A3704636C}.Debug|Any CPU.Build.0 = Debug|Any CPU
		{BF062CD3-A7D9-148E-1930-957A3704636C}.Release|Any CPU.ActiveCfg = Release|Any CPU
		{BF062CD3-A7D9-148E-1930-957A3704636C}.Release|Any CPU.Build.0 = Release|Any CPU
	EndGlobalSection
	GlobalSection(SolutionProperties) = preSolution
		HideSolutionNode = FALSE
	EndGlobalSection
EndGlobal
