
Microsoft Visual Studio Solution File, Format Version 12.00
# Visual Studio 15
Project("{FAE04EC0-301F-11D3-BF4B-00C04F79EFBC}") = "Assembly-CSharp", "Assembly-CSharp.csproj", "{719290D2-D614-3FC0-3F8E-F856C3D0066C}"
EndProject
Global
	GlobalSection(SolutionConfigurationPlatforms) = preSolution
		Debug|Any CPU = Debug|Any CPU
		Release|Any CPU = Release|Any CPU
	EndGlobalSection
	GlobalSection(ProjectConfigurationPlatforms) = postSolution
		{719290D2-D614-3FC0-3F8E-F856C3D0066C}.Debug|Any CPU.ActiveCfg = Debug|Any CPU
		{719290D2-D614-3FC0-3F8E-F856C3D0066C}.Debug|Any CPU.Build.0 = Debug|Any CPU
		{719290D2-D614-3FC0-3F8E-F856C3D0066C}.Release|Any CPU.ActiveCfg = Release|Any CPU
		{719290D2-D614-3FC0-3F8E-F856C3D0066C}.Release|Any CPU.Build.0 = Release|Any CPU
	EndGlobalSection
	GlobalSection(SolutionProperties) = preSolution
		HideSolutionNode = FALSE
	EndGlobalSection
EndGlobal
