
Microsoft Visual Studio Solution File, Format Version 12.00
# Visual Studio 15
VisualStudioVersion = 15.0.27130.2010
MinimumVisualStudioVersion = 10.0.40219.1
Project("{8BC9CEB8-8B4A-11D0-8D11-00A0C91BC942}") = "RVOLIB", "RVOLIB.vcxproj", "{31E38DAC-CA22-4C3B-8C14-5A14D3290443}"
EndProject
Global
	GlobalSection(SolutionConfigurationPlatforms) = preSolution
		Debug|Win32 = Debug|Win32
		Release|Win32 = Release|Win32
		ReleaseST|Win32 = ReleaseST|Win32
	EndGlobalSection
	GlobalSection(ProjectConfigurationPlatforms) = postSolution
		{31E38DAC-CA22-4C3B-8C14-5A14D3290443}.Debug|Win32.ActiveCfg = Debug|Win32
		{31E38DAC-CA22-4C3B-8C14-5A14D3290443}.Debug|Win32.Build.0 = Debug|Win32
		{31E38DAC-CA22-4C3B-8C14-5A14D3290443}.Release|Win32.ActiveCfg = Release|Win32
		{31E38DAC-CA22-4C3B-8C14-5A14D3290443}.Release|Win32.Build.0 = Release|Win32
		{31E38DAC-CA22-4C3B-8C14-5A14D3290443}.ReleaseST|Win32.ActiveCfg = ReleaseST|Win32
		{31E38DAC-CA22-4C3B-8C14-5A14D3290443}.ReleaseST|Win32.Build.0 = ReleaseST|Win32
	EndGlobalSection
	GlobalSection(SolutionProperties) = preSolution
		HideSolutionNode = FALSE
	EndGlobalSection
	GlobalSection(ExtensibilityGlobals) = postSolution
		SolutionGuid = {A64CE073-A9CF-4460-BF06-D9FDD8FFB31B}
	EndGlobalSection
EndGlobal
