
Microsoft Visual Studio Solution File, Format Version 12.00
# Visual Studio 15
Project("{FAE04EC0-301F-11D3-BF4B-00C04F79EFBC}") = "Assembly-CSharp", "Assembly-CSharp.csproj", "{AA64045C-5233-C9D4-F561-F967428BCFEA}"
EndProject
Project("{FAE04EC0-301F-11D3-BF4B-00C04F79EFBC}") = "Assembly-CSharp-Editor", "Assembly-CSharp-Editor.csproj", "{98B5E14E-10EC-2FD3-0AD9-B2DB7C9FF71C}"
EndProject
Global
	GlobalSection(SolutionConfigurationPlatforms) = preSolution
		Debug|Any CPU = Debug|Any CPU
		Release|Any CPU = Release|Any CPU
	EndGlobalSection
	GlobalSection(ProjectConfigurationPlatforms) = postSolution
		{AA64045C-5233-C9D4-F561-F967428BCFEA}.Debug|Any CPU.ActiveCfg = Debug|Any CPU
		{AA64045C-5233-C9D4-F561-F967428BCFEA}.Debug|Any CPU.Build.0 = Debug|Any CPU
		{AA64045C-5233-C9D4-F561-F967428BCFEA}.Release|Any CPU.ActiveCfg = Release|Any CPU
		{AA64045C-5233-C9D4-F561-F967428BCFEA}.Release|Any CPU.Build.0 = Release|Any CPU
		{98B5E14E-10EC-2FD3-0AD9-B2DB7C9FF71C}.Debug|Any CPU.ActiveCfg = Debug|Any CPU
		{98B5E14E-10EC-2FD3-0AD9-B2DB7C9FF71C}.Debug|Any CPU.Build.0 = Debug|Any CPU
		{98B5E14E-10EC-2FD3-0AD9-B2DB7C9FF71C}.Release|Any CPU.ActiveCfg = Release|Any CPU
		{98B5E14E-10EC-2FD3-0AD9-B2DB7C9FF71C}.Release|Any CPU.Build.0 = Release|Any CPU
	EndGlobalSection
	GlobalSection(SolutionProperties) = preSolution
		HideSolutionNode = FALSE
	EndGlobalSection
EndGlobal
