
Microsoft Visual Studio Solution File, Format Version 11.00
# Visual Studio 2010
Project("{FAE04EC0-301F-11D3-BF4B-00C04F79EFBC}") = "Assembly-CSharp", "Assembly-CSharp.csproj", "{CCF7CB8C-48C7-E8C5-2950-511D81F3DB8B}"
EndProject
Global
	GlobalSection(SolutionConfigurationPlatforms) = preSolution
		Debug|Any CPU = Debug|Any CPU
		Release|Any CPU = Release|Any CPU
	EndGlobalSection
	GlobalSection(ProjectConfigurationPlatforms) = postSolution
		{CCF7CB8C-48C7-E8C5-2950-511D81F3DB8B}.Debug|Any CPU.ActiveCfg = Debug|Any CPU
		{CCF7CB8C-48C7-E8C5-2950-511D81F3DB8B}.Debug|Any CPU.Build.0 = Debug|Any CPU
		{CCF7CB8C-48C7-E8C5-2950-511D81F3DB8B}.Release|Any CPU.ActiveCfg = Release|Any CPU
		{CCF7CB8C-48C7-E8C5-2950-511D81F3DB8B}.Release|Any CPU.Build.0 = Release|Any CPU
	EndGlobalSection
	GlobalSection(SolutionProperties) = preSolution
		HideSolutionNode = FALSE
	EndGlobalSection
	GlobalSection(MonoDevelopProperties) = preSolution
		StartupItem = Assembly-CSharp.csproj
	EndGlobalSection
EndGlobal
