
Microsoft Visual Studio Solution File, Format Version 12.00
# Visual Studio 15
VisualStudioVersion = 15.0.27130.2010
MinimumVisualStudioVersion = 10.0.40219.1
Project("{FAE04EC0-301F-11D3-BF4B-00C04F79EFBC}") = "TickBaseSynchronizationContext", "TickBaseSynchronizationContext\TickBaseSynchronizationContext.csproj", "{DBA14863-9DB4-4F64-83AC-F2046A792249}"
EndProject
Global
	GlobalSection(SolutionConfigurationPlatforms) = preSolution
		Debug|Any CPU = Debug|Any CPU
		Release|Any CPU = Release|Any CPU
	EndGlobalSection
	GlobalSection(ProjectConfigurationPlatforms) = postSolution
		{DBA14863-9DB4-4F64-83AC-F2046A792249}.Debug|Any CPU.ActiveCfg = Debug|Any CPU
		{DBA14863-9DB4-4F64-83AC-F2046A792249}.Debug|Any CPU.Build.0 = Debug|Any CPU
		{DBA14863-9DB4-4F64-83AC-F2046A792249}.Release|Any CPU.ActiveCfg = Release|Any CPU
		{DBA14863-9DB4-4F64-83AC-F2046A792249}.Release|Any CPU.Build.0 = Release|Any CPU
	EndGlobalSection
	GlobalSection(SolutionProperties) = preSolution
		HideSolutionNode = FALSE
	EndGlobalSection
	GlobalSection(ExtensibilityGlobals) = postSolution
		SolutionGuid = {BC60E6ED-F17F-49F6-8773-13BE7B9E9B31}
	EndGlobalSection
EndGlobal
