
Microsoft Visual Studio Solution File, Format Version 12.00
# Visual Studio 2017
Project("{FAE04EC0-301F-11D3-BF4B-00C04F79EFBC}") = "NetSyncDemo", "NetSyncDemo.csproj", "{34AC17EB-1F34-E09F-B8F3-05E9A16EA6AA}"
EndProject
Global
	GlobalSection(SolutionConfigurationPlatforms) = preSolution
		Debug|Any CPU = Debug|Any CPU
		Release|Any CPU = Release|Any CPU
	EndGlobalSection
	GlobalSection(ProjectConfigurationPlatforms) = postSolution
		{34AC17EB-1F34-E09F-B8F3-05E9A16EA6AA}.Debug|Any CPU.ActiveCfg = Debug|Any CPU
		{34AC17EB-1F34-E09F-B8F3-05E9A16EA6AA}.Debug|Any CPU.Build.0 = Debug|Any CPU
		{34AC17EB-1F34-E09F-B8F3-05E9A16EA6AA}.Release|Any CPU.ActiveCfg = Release|Any CPU
		{34AC17EB-1F34-E09F-B8F3-05E9A16EA6AA}.Release|Any CPU.Build.0 = Release|Any CPU
	EndGlobalSection
	GlobalSection(SolutionProperties) = preSolution
		HideSolutionNode = FALSE
	EndGlobalSection
EndGlobal
