
Microsoft Visual Studio Solution File, Format Version 12.00
# Visual Studio 15
Project("{FAE04EC0-301F-11D3-BF4B-00C04F79EFBC}") = "Assembly-CSharp", "Assembly-CSharp.csproj", "{AF33AB07-95B4-3499-2D7F-F0A479CFDC25}"
EndProject
Global
	GlobalSection(SolutionConfigurationPlatforms) = preSolution
		Debug|Any CPU = Debug|Any CPU
		Release|Any CPU = Release|Any CPU
	EndGlobalSection
	GlobalSection(ProjectConfigurationPlatforms) = postSolution
		{AF33AB07-95B4-3499-2D7F-F0A479CFDC25}.Debug|Any CPU.ActiveCfg = Debug|Any CPU
		{AF33AB07-95B4-3499-2D7F-F0A479CFDC25}.Debug|Any CPU.Build.0 = Debug|Any CPU
		{AF33AB07-95B4-3499-2D7F-F0A479CFDC25}.Release|Any CPU.ActiveCfg = Release|Any CPU
		{AF33AB07-95B4-3499-2D7F-F0A479CFDC25}.Release|Any CPU.Build.0 = Release|Any CPU
	EndGlobalSection
	GlobalSection(SolutionProperties) = preSolution
		HideSolutionNode = FALSE
	EndGlobalSection
EndGlobal
