
Microsoft Visual Studio Solution File, Format Version 12.00
# Visual Studio 15
Project("{FAE04EC0-301F-11D3-BF4B-00C04F79EFBC}") = "Assembly-CSharp", "Assembly-CSharp.csproj", "{EE394C62-EF46-6A94-7644-A34BCD92E63B}"
EndProject
Project("{FAE04EC0-301F-11D3-BF4B-00C04F79EFBC}") = "Assembly-CSharp-Editor", "Assembly-CSharp-Editor.csproj", "{381BFC8E-C32C-084B-DA8E-33EB0FF6A810}"
EndProject
Global
	GlobalSection(SolutionConfigurationPlatforms) = preSolution
		Debug|Any CPU = Debug|Any CPU
		Release|Any CPU = Release|Any CPU
	EndGlobalSection
	GlobalSection(ProjectConfigurationPlatforms) = postSolution
		{EE394C62-EF46-6A94-7644-A34BCD92E63B}.Debug|Any CPU.ActiveCfg = Debug|Any CPU
		{EE394C62-EF46-6A94-7644-A34BCD92E63B}.Debug|Any CPU.Build.0 = Debug|Any CPU
		{EE394C62-EF46-6A94-7644-A34BCD92E63B}.Release|Any CPU.ActiveCfg = Release|Any CPU
		{EE394C62-EF46-6A94-7644-A34BCD92E63B}.Release|Any CPU.Build.0 = Release|Any CPU
		{381BFC8E-C32C-084B-DA8E-33EB0FF6A810}.Debug|Any CPU.ActiveCfg = Debug|Any CPU
		{381BFC8E-C32C-084B-DA8E-33EB0FF6A810}.Debug|Any CPU.Build.0 = Debug|Any CPU
		{381BFC8E-C32C-084B-DA8E-33EB0FF6A810}.Release|Any CPU.ActiveCfg = Release|Any CPU
		{381BFC8E-C32C-084B-DA8E-33EB0FF6A810}.Release|Any CPU.Build.0 = Release|Any CPU
	EndGlobalSection
	GlobalSection(SolutionProperties) = preSolution
		HideSolutionNode = FALSE
	EndGlobalSection
EndGlobal
